
Microsoft Visual Studio Solution File, Format Version 10.00
# Visual C++ Express 2008
Project("{8BC9CEB8-8B4A-11D0-8D11-00A0C91BC942}") = "buildhelper", "buildhelper\buildhelper.vcproj", "{2F27CA9D-D693-45D1-A0A5-6EE832C3F313}"
EndProject
Project("{8BC9CEB8-8B4A-11D0-8D11-00A0C91BC942}") = "dzip", "..\dzip.vcproj", "{E5E538EB-F754-4B1E-B5F9-096A7F8E409A}"
EndProject
Project("{8BC9CEB8-8B4A-11D0-8D11-00A0C91BC942}") = "dzip_bz2", "dzip_bz2\dzip_bz2.vcproj", "{47BDAA72-7738-4D3C-9304-FCEAC7BFF0F4}"
EndProject
Project("{8BC9CEB8-8B4A-11D0-8D11-00A0C91BC942}") = "dzip_dz", "dzip_dz\dzip_dz.vcproj", "{B52459FF-B2A5-4116-8C1B-C9FBA3EFDEE7}"
EndProject
Project("{8BC9CEB8-8B4A-11D0-8D11-00A0C91BC942}") = "dzip_pak", "dzip_pak\dzip_pak.vcproj", "{2D0E2C41-BC7A-47D5-991C-DE200CA03BFA}"
EndProject
Project("{8BC9CEB8-8B4A-11D0-8D11-00A0C91BC942}") = "dzip_rar", "dzip_rar\dzip_rar.vcproj", "{ABA5F1B9-D8E4-4FC3-BF5F-B4A2431084AF}"
EndProject
Project("{8BC9CEB8-8B4A-11D0-8D11-00A0C91BC942}") = "dzip_zip", "dzip_zip\dzip_zip.vcproj", "{78B12190-E8B4-4F86-9CA5-FE77C6A05465}"
EndProject
Project("{8BC9CEB8-8B4A-11D0-8D11-00A0C91BC942}") = "dzipshlx", "shlx\dzipshlx.vcproj", "{34B164C4-54A4-49FB-862F-97108993E979}"
EndProject
Project("{8BC9CEB8-8B4A-11D0-8D11-00A0C91BC942}") = "gui", "gui.vcproj", "{5A7A7112-2D07-4DAA-BCB7-90A29B6085E4}"
	ProjectSection(ProjectDependencies) = postProject
		{B2D320DF-9A2F-49BF-BF56-3C54BD9488F7} = {B2D320DF-9A2F-49BF-BF56-3C54BD9488F7}
		{B52459FF-B2A5-4116-8C1B-C9FBA3EFDEE7} = {B52459FF-B2A5-4116-8C1B-C9FBA3EFDEE7}
		{2D0E2C41-BC7A-47D5-991C-DE200CA03BFA} = {2D0E2C41-BC7A-47D5-991C-DE200CA03BFA}
		{ABA5F1B9-D8E4-4FC3-BF5F-B4A2431084AF} = {ABA5F1B9-D8E4-4FC3-BF5F-B4A2431084AF}
		{78B12190-E8B4-4F86-9CA5-FE77C6A05465} = {78B12190-E8B4-4F86-9CA5-FE77C6A05465}
	EndProjectSection
EndProject
Project("{8BC9CEB8-8B4A-11D0-8D11-00A0C91BC942}") = "installer", "installer\installer.vcproj", "{E28F9F09-5BD3-47EB-BA61-7DBCB7AB4BAA}"
EndProject
Project("{8BC9CEB8-8B4A-11D0-8D11-00A0C91BC942}") = "selfexe", "selfexe\selfexe.vcproj", "{397ED61E-0204-4FB9-9810-307CD9D0874C}"
EndProject
Project("{8BC9CEB8-8B4A-11D0-8D11-00A0C91BC942}") = "zlib", "..\zlib\zlib.vcproj", "{B2D320DF-9A2F-49BF-BF56-3C54BD9488F7}"
EndProject
Global
	GlobalSection(SolutionConfigurationPlatforms) = preSolution
		Debug|Win32 = Debug|Win32
		Release|Win32 = Release|Win32
	EndGlobalSection
	GlobalSection(ProjectConfigurationPlatforms) = postSolution
		{2F27CA9D-D693-45D1-A0A5-6EE832C3F313}.Debug|Win32.ActiveCfg = Debug|Win32
		{2F27CA9D-D693-45D1-A0A5-6EE832C3F313}.Debug|Win32.Build.0 = Debug|Win32
		{2F27CA9D-D693-45D1-A0A5-6EE832C3F313}.Release|Win32.ActiveCfg = Release|Win32
		{2F27CA9D-D693-45D1-A0A5-6EE832C3F313}.Release|Win32.Build.0 = Release|Win32
		{E5E538EB-F754-4B1E-B5F9-096A7F8E409A}.Debug|Win32.ActiveCfg = Debug|Win32
		{E5E538EB-F754-4B1E-B5F9-096A7F8E409A}.Debug|Win32.Build.0 = Debug|Win32
		{E5E538EB-F754-4B1E-B5F9-096A7F8E409A}.Release|Win32.ActiveCfg = Release|Win32
		{E5E538EB-F754-4B1E-B5F9-096A7F8E409A}.Release|Win32.Build.0 = Release|Win32
		{47BDAA72-7738-4D3C-9304-FCEAC7BFF0F4}.Debug|Win32.ActiveCfg = Debug|Win32
		{47BDAA72-7738-4D3C-9304-FCEAC7BFF0F4}.Debug|Win32.Build.0 = Debug|Win32
		{47BDAA72-7738-4D3C-9304-FCEAC7BFF0F4}.Release|Win32.ActiveCfg = Release|Win32
		{47BDAA72-7738-4D3C-9304-FCEAC7BFF0F4}.Release|Win32.Build.0 = Release|Win32
		{B52459FF-B2A5-4116-8C1B-C9FBA3EFDEE7}.Debug|Win32.ActiveCfg = Debug|Win32
		{B52459FF-B2A5-4116-8C1B-C9FBA3EFDEE7}.Debug|Win32.Build.0 = Debug|Win32
		{B52459FF-B2A5-4116-8C1B-C9FBA3EFDEE7}.Release|Win32.ActiveCfg = Release|Win32
		{B52459FF-B2A5-4116-8C1B-C9FBA3EFDEE7}.Release|Win32.Build.0 = Release|Win32
		{2D0E2C41-BC7A-47D5-991C-DE200CA03BFA}.Debug|Win32.ActiveCfg = Debug|Win32
		{2D0E2C41-BC7A-47D5-991C-DE200CA03BFA}.Debug|Win32.Build.0 = Debug|Win32
		{2D0E2C41-BC7A-47D5-991C-DE200CA03BFA}.Release|Win32.ActiveCfg = Release|Win32
		{2D0E2C41-BC7A-47D5-991C-DE200CA03BFA}.Release|Win32.Build.0 = Release|Win32
		{ABA5F1B9-D8E4-4FC3-BF5F-B4A2431084AF}.Debug|Win32.ActiveCfg = Debug|Win32
		{ABA5F1B9-D8E4-4FC3-BF5F-B4A2431084AF}.Debug|Win32.Build.0 = Debug|Win32
		{ABA5F1B9-D8E4-4FC3-BF5F-B4A2431084AF}.Release|Win32.ActiveCfg = Release|Win32
		{ABA5F1B9-D8E4-4FC3-BF5F-B4A2431084AF}.Release|Win32.Build.0 = Release|Win32
		{78B12190-E8B4-4F86-9CA5-FE77C6A05465}.Debug|Win32.ActiveCfg = Debug|Win32
		{78B12190-E8B4-4F86-9CA5-FE77C6A05465}.Debug|Win32.Build.0 = Debug|Win32
		{78B12190-E8B4-4F86-9CA5-FE77C6A05465}.Release|Win32.ActiveCfg = Release|Win32
		{78B12190-E8B4-4F86-9CA5-FE77C6A05465}.Release|Win32.Build.0 = Release|Win32
		{34B164C4-54A4-49FB-862F-97108993E979}.Debug|Win32.ActiveCfg = Debug|Win32
		{34B164C4-54A4-49FB-862F-97108993E979}.Debug|Win32.Build.0 = Debug|Win32
		{34B164C4-54A4-49FB-862F-97108993E979}.Release|Win32.ActiveCfg = Release|Win32
		{34B164C4-54A4-49FB-862F-97108993E979}.Release|Win32.Build.0 = Release|Win32
		{5A7A7112-2D07-4DAA-BCB7-90A29B6085E4}.Debug|Win32.ActiveCfg = Debug|Win32
		{5A7A7112-2D07-4DAA-BCB7-90A29B6085E4}.Debug|Win32.Build.0 = Debug|Win32
		{5A7A7112-2D07-4DAA-BCB7-90A29B6085E4}.Release|Win32.ActiveCfg = Release|Win32
		{5A7A7112-2D07-4DAA-BCB7-90A29B6085E4}.Release|Win32.Build.0 = Release|Win32
		{E28F9F09-5BD3-47EB-BA61-7DBCB7AB4BAA}.Debug|Win32.ActiveCfg = Debug|Win32
		{E28F9F09-5BD3-47EB-BA61-7DBCB7AB4BAA}.Debug|Win32.Build.0 = Debug|Win32
		{E28F9F09-5BD3-47EB-BA61-7DBCB7AB4BAA}.Release|Win32.ActiveCfg = Release|Win32
		{E28F9F09-5BD3-47EB-BA61-7DBCB7AB4BAA}.Release|Win32.Build.0 = Release|Win32
		{397ED61E-0204-4FB9-9810-307CD9D0874C}.Debug|Win32.ActiveCfg = Debug|Win32
		{397ED61E-0204-4FB9-9810-307CD9D0874C}.Debug|Win32.Build.0 = Debug|Win32
		{397ED61E-0204-4FB9-9810-307CD9D0874C}.Release|Win32.ActiveCfg = Release|Win32
		{397ED61E-0204-4FB9-9810-307CD9D0874C}.Release|Win32.Build.0 = Release|Win32
		{B2D320DF-9A2F-49BF-BF56-3C54BD9488F7}.Debug|Win32.ActiveCfg = Debug|Win32
		{B2D320DF-9A2F-49BF-BF56-3C54BD9488F7}.Debug|Win32.Build.0 = Debug|Win32
		{B2D320DF-9A2F-49BF-BF56-3C54BD9488F7}.Release|Win32.ActiveCfg = Release|Win32
		{B2D320DF-9A2F-49BF-BF56-3C54BD9488F7}.Release|Win32.Build.0 = Release|Win32
	EndGlobalSection
	GlobalSection(SolutionProperties) = preSolution
		HideSolutionNode = FALSE
	EndGlobalSection
EndGlobal
